// !$*UTF8*$!
{
	archiveVersion = 1;
	classes = {
	};
	objectVersion = 46;
	objects = {

/* Begin PBXBuildFile section */
		7A4A6C60196A94F0008FCF8A /* Social.framework in Frameworks */ = {isa = PBXBuildFile; fileRef = 7A4A6C5F196A94F0008FCF8A /* Social.framework */; };
		7A71EB02194FDF9000C39B0A /* NotificationsTableViewController.m in Sources */ = {isa = PBXBuildFile; fileRef = 7A71EB01194FDF9000C39B0A /* NotificationsTableViewController.m */; };
		7A71EB09194FE1A200C39B0A /* InboxTableViewController.m in Sources */ = {isa = PBXBuildFile; fileRef = 7A71EB08194FE1A200C39B0A /* InboxTableViewController.m */; };
		7A71EB0D19501C5900C39B0A /* LoginViewController.m in Sources */ = {isa = PBXBuildFile; fileRef = 7A71EB0C19501C5900C39B0A /* LoginViewController.m */; };
		7A71EB1019501C6B00C39B0A /* SignupViewController.m in Sources */ = {isa = PBXBuildFile; fileRef = 7A71EB0F19501C6B00C39B0A /* SignupViewController.m */; };
		7A909671194CF3CC00010F38 /* main.m in Sources */ = {isa = PBXBuildFile; fileRef = 7A909670194CF3CC00010F38 /* main.m */; };
		7A909674194CF3CC00010F38 /* AppDelegate.m in Sources */ = {isa = PBXBuildFile; fileRef = 7A909673194CF3CC00010F38 /* AppDelegate.m */; };
		7A90967D194CF3CC00010F38 /* Main.storyboard in Resources */ = {isa = PBXBuildFile; fileRef = 7A90967B194CF3CC00010F38 /* Main.storyboard */; };
		7A90968B194CF3CC00010F38 /* RevealTests.m in Sources */ = {isa = PBXBuildFile; fileRef = 7A90968A194CF3CC00010F38 /* RevealTests.m */; };
		7A909696194CF63C00010F38 /* TableViewController.m in Sources */ = {isa = PBXBuildFile; fileRef = 7A909695194CF63C00010F38 /* TableViewController.m */; };
		7ACCEED2194F4FBE0099CF96 /* NewPostViewController.m in Sources */ = {isa = PBXBuildFile; fileRef = 7ACCEED0194F4FBE0099CF96 /* NewPostViewController.m */; };
		7AE8424B195C0D3E0036E223 /* DataHandler.m in Sources */ = {isa = PBXBuildFile; fileRef = 7AE8424A195C0D3E0036E223 /* DataHandler.m */; };
		7AF74B821951723A005A73B7 /* JsonHandler.m in Sources */ = {isa = PBXBuildFile; fileRef = 7AF74B811951723A005A73B7 /* JsonHandler.m */; };
		D801DA81194D891200CB9B00 /* RevealPost.m in Sources */ = {isa = PBXBuildFile; fileRef = D801DA80194D891200CB9B00 /* RevealPost.m */; };
		D801DA87194E0B0400CB9B00 /* DummyPosts.m in Sources */ = {isa = PBXBuildFile; fileRef = D801DA86194E0B0400CB9B00 /* DummyPosts.m */; };
		D801DA8D194E528100CB9B00 /* EntryCell.m in Sources */ = {isa = PBXBuildFile; fileRef = D801DA8C194E528100CB9B00 /* EntryCell.m */; };
		D801DA90194EDC1A00CB9B00 /* MeFeedTableViewController.m in Sources */ = {isa = PBXBuildFile; fileRef = D801DA8F194EDC1A00CB9B00 /* MeFeedTableViewController.m */; };
		D801DA93194EE53800CB9B00 /* ProfileView.m in Sources */ = {isa = PBXBuildFile; fileRef = D801DA92194EE53800CB9B00 /* ProfileView.m */; };
		D801DA96194F0B3000CB9B00 /* MeDetailedPostViewController.m in Sources */ = {isa = PBXBuildFile; fileRef = D801DA95194F0B3000CB9B00 /* MeDetailedPostViewController.m */; };
		D80A09CF195F624900257782 /* DetailedPostTableViewController.m in Sources */ = {isa = PBXBuildFile; fileRef = D80A09CE195F624900257782 /* DetailedPostTableViewController.m */; };
		D80A09D4195F85C500257782 /* DetailedPostSubView.m in Sources */ = {isa = PBXBuildFile; fileRef = D80A09D3195F85C500257782 /* DetailedPostSubView.m */; };
		D822C172195FF1680001E482 /* Images.xcassets in Resources */ = {isa = PBXBuildFile; fileRef = D822C171195FF1680001E482 /* Images.xcassets */; };
		D822C17619637D830001E482 /* UserProfileTableViewController.m in Sources */ = {isa = PBXBuildFile; fileRef = D822C17519637D830001E482 /* UserProfileTableViewController.m */; };
/* End PBXBuildFile section */

/* Begin PBXContainerItemProxy section */
		7A909685194CF3CC00010F38 /* PBXContainerItemProxy */ = {
			isa = PBXContainerItemProxy;
			containerPortal = 7A909663194CF3CC00010F38 /* Project object */;
			proxyType = 1;
			remoteGlobalIDString = 7A90966A194CF3CC00010F38;
			remoteInfo = Reveal;
		};
/* End PBXContainerItemProxy section */

/* Begin PBXFileReference section */
		7A4A6C5F196A94F0008FCF8A /* Social.framework */ = {isa = PBXFileReference; lastKnownFileType = wrapper.framework; name = Social.framework; path = System/Library/Frameworks/Social.framework; sourceTree = SDKROOT; };
		7A71EB00194FDF9000C39B0A /* NotificationsTableViewController.h */ = {isa = PBXFileReference; fileEncoding = 4; lastKnownFileType = sourcecode.c.h; path = NotificationsTableViewController.h; sourceTree = "<group>"; };
		7A71EB01194FDF9000C39B0A /* NotificationsTableViewController.m */ = {isa = PBXFileReference; fileEncoding = 4; lastKnownFileType = sourcecode.c.objc; path = NotificationsTableViewController.m; sourceTree = "<group>"; };
		7A71EB07194FE1A200C39B0A /* InboxTableViewController.h */ = {isa = PBXFileReference; fileEncoding = 4; lastKnownFileType = sourcecode.c.h; name = InboxTableViewController.h; path = ../InboxTableViewController.h; sourceTree = "<group>"; };
		7A71EB08194FE1A200C39B0A /* InboxTableViewController.m */ = {isa = PBXFileReference; fileEncoding = 4; lastKnownFileType = sourcecode.c.objc; name = InboxTableViewController.m; path = ../InboxTableViewController.m; sourceTree = "<group>"; };
		7A71EB0B19501C5900C39B0A /* LoginViewController.h */ = {isa = PBXFileReference; fileEncoding = 4; lastKnownFileType = sourcecode.c.h; path = LoginViewController.h; sourceTree = "<group>"; };
		7A71EB0C19501C5900C39B0A /* LoginViewController.m */ = {isa = PBXFileReference; fileEncoding = 4; lastKnownFileType = sourcecode.c.objc; path = LoginViewController.m; sourceTree = "<group>"; };
		7A71EB0E19501C6B00C39B0A /* SignupViewController.h */ = {isa = PBXFileReference; fileEncoding = 4; lastKnownFileType = sourcecode.c.h; path = SignupViewController.h; sourceTree = "<group>"; };
		7A71EB0F19501C6B00C39B0A /* SignupViewController.m */ = {isa = PBXFileReference; fileEncoding = 4; lastKnownFileType = sourcecode.c.objc; path = SignupViewController.m; sourceTree = "<group>"; };
		7A90966B194CF3CC00010F38 /* Reveal.app */ = {isa = PBXFileReference; explicitFileType = wrapper.application; includeInIndex = 0; path = Reveal.app; sourceTree = BUILT_PRODUCTS_DIR; };
		7A90966F194CF3CC00010F38 /* Info.plist */ = {isa = PBXFileReference; lastKnownFileType = text.plist.xml; path = Info.plist; sourceTree = "<group>"; };
		7A909670194CF3CC00010F38 /* main.m */ = {isa = PBXFileReference; lastKnownFileType = sourcecode.c.objc; path = main.m; sourceTree = "<group>"; };
		7A909672194CF3CC00010F38 /* AppDelegate.h */ = {isa = PBXFileReference; lastKnownFileType = sourcecode.c.h; path = AppDelegate.h; sourceTree = "<group>"; };
		7A909673194CF3CC00010F38 /* AppDelegate.m */ = {isa = PBXFileReference; lastKnownFileType = sourcecode.c.objc; path = AppDelegate.m; sourceTree = "<group>"; };
		7A90967C194CF3CC00010F38 /* Base */ = {isa = PBXFileReference; lastKnownFileType = file.storyboard; name = Base; path = Base.lproj/Main.storyboard; sourceTree = "<group>"; };
		7A909684194CF3CC00010F38 /* RevealTests.xctest */ = {isa = PBXFileReference; explicitFileType = wrapper.cfbundle; includeInIndex = 0; path = RevealTests.xctest; sourceTree = BUILT_PRODUCTS_DIR; };
		7A909689194CF3CC00010F38 /* Info.plist */ = {isa = PBXFileReference; lastKnownFileType = text.plist.xml; path = Info.plist; sourceTree = "<group>"; };
		7A90968A194CF3CC00010F38 /* RevealTests.m */ = {isa = PBXFileReference; lastKnownFileType = sourcecode.c.objc; path = RevealTests.m; sourceTree = "<group>"; };
		7A909694194CF63C00010F38 /* TableViewController.h */ = {isa = PBXFileReference; fileEncoding = 4; lastKnownFileType = sourcecode.c.h; name = TableViewController.h; path = ../TableViewController.h; sourceTree = "<group>"; };
		7A909695194CF63C00010F38 /* TableViewController.m */ = {isa = PBXFileReference; fileEncoding = 4; lastKnownFileType = sourcecode.c.objc; name = TableViewController.m; path = ../TableViewController.m; sourceTree = "<group>"; };
		7ACCEED0194F4FBE0099CF96 /* NewPostViewController.m */ = {isa = PBXFileReference; fileEncoding = 4; lastKnownFileType = sourcecode.c.objc; path = NewPostViewController.m; sourceTree = SOURCE_ROOT; };
		7ACCEED1194F4FBE0099CF96 /* NewPostViewController.h */ = {isa = PBXFileReference; fileEncoding = 4; lastKnownFileType = sourcecode.c.h; path = NewPostViewController.h; sourceTree = SOURCE_ROOT; };
		7AE84249195C0D3E0036E223 /* DataHandler.h */ = {isa = PBXFileReference; fileEncoding = 4; lastKnownFileType = sourcecode.c.h; path = DataHandler.h; sourceTree = "<group>"; };
		7AE8424A195C0D3E0036E223 /* DataHandler.m */ = {isa = PBXFileReference; fileEncoding = 4; lastKnownFileType = sourcecode.c.objc; path = DataHandler.m; sourceTree = "<group>"; };
		7AF74B801951723A005A73B7 /* JsonHandler.h */ = {isa = PBXFileReference; fileEncoding = 4; lastKnownFileType = sourcecode.c.h; name = JsonHandler.h; path = ../JsonHandler.h; sourceTree = "<group>"; };
		7AF74B811951723A005A73B7 /* JsonHandler.m */ = {isa = PBXFileReference; fileEncoding = 4; lastKnownFileType = sourcecode.c.objc; name = JsonHandler.m; path = ../JsonHandler.m; sourceTree = "<group>"; };
		D801DA7F194D891200CB9B00 /* RevealPost.h */ = {isa = PBXFileReference; fileEncoding = 4; lastKnownFileType = sourcecode.c.h; path = RevealPost.h; sourceTree = "<group>"; };
		D801DA80194D891200CB9B00 /* RevealPost.m */ = {isa = PBXFileReference; fileEncoding = 4; lastKnownFileType = sourcecode.c.objc; path = RevealPost.m; sourceTree = "<group>"; };
		D801DA85194E0B0400CB9B00 /* DummyPosts.h */ = {isa = PBXFileReference; fileEncoding = 4; lastKnownFileType = sourcecode.c.h; path = DummyPosts.h; sourceTree = "<group>"; };
		D801DA86194E0B0400CB9B00 /* DummyPosts.m */ = {isa = PBXFileReference; fileEncoding = 4; lastKnownFileType = sourcecode.c.objc; path = DummyPosts.m; sourceTree = "<group>"; };
		D801DA8B194E528100CB9B00 /* EntryCell.h */ = {isa = PBXFileReference; fileEncoding = 4; lastKnownFileType = sourcecode.c.h; path = EntryCell.h; sourceTree = "<group>"; };
		D801DA8C194E528100CB9B00 /* EntryCell.m */ = {isa = PBXFileReference; fileEncoding = 4; lastKnownFileType = sourcecode.c.objc; path = EntryCell.m; sourceTree = "<group>"; };
		D801DA8E194EDC1A00CB9B00 /* MeFeedTableViewController.h */ = {isa = PBXFileReference; fileEncoding = 4; lastKnownFileType = sourcecode.c.h; path = MeFeedTableViewController.h; sourceTree = "<group>"; };
		D801DA8F194EDC1A00CB9B00 /* MeFeedTableViewController.m */ = {isa = PBXFileReference; fileEncoding = 4; lastKnownFileType = sourcecode.c.objc; path = MeFeedTableViewController.m; sourceTree = "<group>"; };
		D801DA91194EE53800CB9B00 /* ProfileView.h */ = {isa = PBXFileReference; fileEncoding = 4; lastKnownFileType = sourcecode.c.h; path = ProfileView.h; sourceTree = "<group>"; };
		D801DA92194EE53800CB9B00 /* ProfileView.m */ = {isa = PBXFileReference; fileEncoding = 4; lastKnownFileType = sourcecode.c.objc; path = ProfileView.m; sourceTree = "<group>"; };
		D801DA94194F0B3000CB9B00 /* MeDetailedPostViewController.h */ = {isa = PBXFileReference; fileEncoding = 4; lastKnownFileType = sourcecode.c.h; path = MeDetailedPostViewController.h; sourceTree = "<group>"; };
		D801DA95194F0B3000CB9B00 /* MeDetailedPostViewController.m */ = {isa = PBXFileReference; fileEncoding = 4; lastKnownFileType = sourcecode.c.objc; path = MeDetailedPostViewController.m; sourceTree = "<group>"; };
		D80A09CD195F624900257782 /* DetailedPostTableViewController.h */ = {isa = PBXFileReference; fileEncoding = 4; lastKnownFileType = sourcecode.c.h; path = DetailedPostTableViewController.h; sourceTree = "<group>"; };
		D80A09CE195F624900257782 /* DetailedPostTableViewController.m */ = {isa = PBXFileReference; fileEncoding = 4; lastKnownFileType = sourcecode.c.objc; path = DetailedPostTableViewController.m; sourceTree = "<group>"; };
		D80A09D2195F85C500257782 /* DetailedPostSubView.h */ = {isa = PBXFileReference; fileEncoding = 4; lastKnownFileType = sourcecode.c.h; path = DetailedPostSubView.h; sourceTree = "<group>"; };
		D80A09D3195F85C500257782 /* DetailedPostSubView.m */ = {isa = PBXFileReference; fileEncoding = 4; lastKnownFileType = sourcecode.c.objc; path = DetailedPostSubView.m; sourceTree = "<group>"; };
		D822C171195FF1680001E482 /* Images.xcassets */ = {isa = PBXFileReference; lastKnownFileType = folder.assetcatalog; name = Images.xcassets; path = Reveal/Images.xcassets; sourceTree = "<group>"; };
		D822C17419637D830001E482 /* UserProfileTableViewController.h */ = {isa = PBXFileReference; fileEncoding = 4; lastKnownFileType = sourcecode.c.h; path = UserProfileTableViewController.h; sourceTree = "<group>"; };
		D822C17519637D830001E482 /* UserProfileTableViewController.m */ = {isa = PBXFileReference; fileEncoding = 4; lastKnownFileType = sourcecode.c.objc; path = UserProfileTableViewController.m; sourceTree = "<group>"; };
/* End PBXFileReference section */

/* Begin PBXFrameworksBuildPhase section */
		7A909668194CF3CC00010F38 /* Frameworks */ = {
			isa = PBXFrameworksBuildPhase;
			buildActionMask = 2147483647;
			files = (
				7A4A6C60196A94F0008FCF8A /* Social.framework in Frameworks */,
			);
			runOnlyForDeploymentPostprocessing = 0;
		};
		7A909681194CF3CC00010F38 /* Frameworks */ = {
			isa = PBXFrameworksBuildPhase;
			buildActionMask = 2147483647;
			files = (
			);
			runOnlyForDeploymentPostprocessing = 0;
		};
/* End PBXFrameworksBuildPhase section */

/* Begin PBXGroup section */
		7A71EB03194FDF9D00C39B0A /* Notifications VC */ = {
			isa = PBXGroup;
			children = (
				7A71EB00194FDF9000C39B0A /* NotificationsTableViewController.h */,
				7A71EB01194FDF9000C39B0A /* NotificationsTableViewController.m */,
			);
			name = "Notifications VC";
			sourceTree = "<group>";
		};
		7A71EB04194FDFC900C39B0A /* Feed VC */ = {
			isa = PBXGroup;
			children = (
				7A909694194CF63C00010F38 /* TableViewController.h */,
				7A909695194CF63C00010F38 /* TableViewController.m */,
				D80A09CD195F624900257782 /* DetailedPostTableViewController.h */,
				D80A09CE195F624900257782 /* DetailedPostTableViewController.m */,
				7ACCEED0194F4FBE0099CF96 /* NewPostViewController.m */,
				7ACCEED1194F4FBE0099CF96 /* NewPostViewController.h */,
				D80A09D2195F85C500257782 /* DetailedPostSubView.h */,
				D80A09D3195F85C500257782 /* DetailedPostSubView.m */,
			);
			name = "Feed VC";
			sourceTree = "<group>";
		};
		7A71EB05194FDFEF00C39B0A /* My Profile VC */ = {
			isa = PBXGroup;
			children = (
				D801DA8E194EDC1A00CB9B00 /* MeFeedTableViewController.h */,
				D801DA8F194EDC1A00CB9B00 /* MeFeedTableViewController.m */,
				D801DA94194F0B3000CB9B00 /* MeDetailedPostViewController.h */,
				D801DA95194F0B3000CB9B00 /* MeDetailedPostViewController.m */,
			);
			name = "My Profile VC";
			sourceTree = "<group>";
		};
		7A71EB06194FE16B00C39B0A /* Inbox VC */ = {
			isa = PBXGroup;
			children = (
				7A71EB07194FE1A200C39B0A /* InboxTableViewController.h */,
				7A71EB08194FE1A200C39B0A /* InboxTableViewController.m */,
			);
			name = "Inbox VC";
			sourceTree = "<group>";
		};
		7A71EB0A19501C3200C39B0A /* Login VC */ = {
			isa = PBXGroup;
			children = (
				7A71EB0B19501C5900C39B0A /* LoginViewController.h */,
				7A71EB0C19501C5900C39B0A /* LoginViewController.m */,
				7A71EB0E19501C6B00C39B0A /* SignupViewController.h */,
				7A71EB0F19501C6B00C39B0A /* SignupViewController.m */,
			);
			name = "Login VC";
			sourceTree = "<group>";
		};
		7A909662194CF3CC00010F38 = {
			isa = PBXGroup;
			children = (
				7A4A6C5F196A94F0008FCF8A /* Social.framework */,
				D822C171195FF1680001E482 /* Images.xcassets */,
				D801DA85194E0B0400CB9B00 /* DummyPosts.h */,
				D801DA86194E0B0400CB9B00 /* DummyPosts.m */,
				7A90966D194CF3CC00010F38 /* Reveal */,
				7A909687194CF3CC00010F38 /* RevealTests */,
				7A90966C194CF3CC00010F38 /* Products */,
			);
			sourceTree = "<group>";
		};
		7A90966C194CF3CC00010F38 /* Products */ = {
			isa = PBXGroup;
			children = (
				7A90966B194CF3CC00010F38 /* Reveal.app */,
				7A909684194CF3CC00010F38 /* RevealTests.xctest */,
			);
			name = Products;
			sourceTree = "<group>";
		};
		7A90966D194CF3CC00010F38 /* Reveal */ = {
			isa = PBXGroup;
			children = (
				7AF74B7919516FEF005A73B7 /* View */,
				7AF74B7819516FE8005A73B7 /* Model */,
				7A90967B194CF3CC00010F38 /* Main.storyboard */,
				D801DA91194EE53800CB9B00 /* ProfileView.h */,
				D801DA92194EE53800CB9B00 /* ProfileView.m */,
				7A909672194CF3CC00010F38 /* AppDelegate.h */,
				7A909673194CF3CC00010F38 /* AppDelegate.m */,
				7A90966E194CF3CC00010F38 /* Supporting Files */,
			);
			path = Reveal;
			sourceTree = "<group>";
		};
		7A90966E194CF3CC00010F38 /* Supporting Files */ = {
			isa = PBXGroup;
			children = (
				7A90966F194CF3CC00010F38 /* Info.plist */,
				7A909670194CF3CC00010F38 /* main.m */,
			);
			name = "Supporting Files";
			sourceTree = "<group>";
		};
		7A909687194CF3CC00010F38 /* RevealTests */ = {
			isa = PBXGroup;
			children = (
				7A90968A194CF3CC00010F38 /* RevealTests.m */,
				7A909688194CF3CC00010F38 /* Supporting Files */,
			);
			path = RevealTests;
			sourceTree = "<group>";
		};
		7A909688194CF3CC00010F38 /* Supporting Files */ = {
			isa = PBXGroup;
			children = (
				7A909689194CF3CC00010F38 /* Info.plist */,
			);
			name = "Supporting Files";
			sourceTree = "<group>";
		};
		7AF74B7819516FE8005A73B7 /* Model */ = {
			isa = PBXGroup;
			children = (
				D801DA8B194E528100CB9B00 /* EntryCell.h */,
				D801DA8C194E528100CB9B00 /* EntryCell.m */,
				D801DA7F194D891200CB9B00 /* RevealPost.h */,
				D801DA80194D891200CB9B00 /* RevealPost.m */,
				7AF74B801951723A005A73B7 /* JsonHandler.h */,
				7AF74B811951723A005A73B7 /* JsonHandler.m */,
				7AE84249195C0D3E0036E223 /* DataHandler.h */,
				7AE8424A195C0D3E0036E223 /* DataHandler.m */,
			);
			name = Model;
			sourceTree = "<group>";
		};
		7AF74B7919516FEF005A73B7 /* View */ = {
			isa = PBXGroup;
			children = (
				7A71EB03194FDF9D00C39B0A /* Notifications VC */,
				7A71EB04194FDFC900C39B0A /* Feed VC */,
				D822C17319637CD90001E482 /* User Profile VC */,
				7A71EB05194FDFEF00C39B0A /* My Profile VC */,
				7A71EB06194FE16B00C39B0A /* Inbox VC */,
				7A71EB0A19501C3200C39B0A /* Login VC */,
			);
			name = View;
			sourceTree = "<group>";
		};
		D822C17319637CD90001E482 /* User Profile VC */ = {
			isa = PBXGroup;
			children = (
				D822C17419637D830001E482 /* UserProfileTableViewController.h */,
				D822C17519637D830001E482 /* UserProfileTableViewController.m */,
			);
			name = "User Profile VC";
			sourceTree = "<group>";
		};
/* End PBXGroup section */

/* Begin PBXNativeTarget section */
		7A90966A194CF3CC00010F38 /* Reveal */ = {
			isa = PBXNativeTarget;
			buildConfigurationList = 7A90968E194CF3CC00010F38 /* Build configuration list for PBXNativeTarget "Reveal" */;
			buildPhases = (
				7A909667194CF3CC00010F38 /* Sources */,
				7A909668194CF3CC00010F38 /* Frameworks */,
				7A909669194CF3CC00010F38 /* Resources */,
			);
			buildRules = (
			);
			dependencies = (
			);
			name = Reveal;
			productName = Reveal;
			productReference = 7A90966B194CF3CC00010F38 /* Reveal.app */;
			productType = "com.apple.product-type.application";
		};
		7A909683194CF3CC00010F38 /* RevealTests */ = {
			isa = PBXNativeTarget;
			buildConfigurationList = 7A909691194CF3CC00010F38 /* Build configuration list for PBXNativeTarget "RevealTests" */;
			buildPhases = (
				7A909680194CF3CC00010F38 /* Sources */,
				7A909681194CF3CC00010F38 /* Frameworks */,
				7A909682194CF3CC00010F38 /* Resources */,
			);
			buildRules = (
			);
			dependencies = (
				7A909686194CF3CC00010F38 /* PBXTargetDependency */,
			);
			name = RevealTests;
			productName = RevealTests;
			productReference = 7A909684194CF3CC00010F38 /* RevealTests.xctest */;
			productType = "com.apple.product-type.bundle.unit-test";
		};
/* End PBXNativeTarget section */

/* Begin PBXProject section */
		7A909663194CF3CC00010F38 /* Project object */ = {
			isa = PBXProject;
			attributes = {
				LastUpgradeCheck = 0600;
				ORGANIZATIONNAME = "Georgia Tech";
				TargetAttributes = {
					7A90966A194CF3CC00010F38 = {
						CreatedOnToolsVersion = 6.0;
						DevelopmentTeam = 89JRG4TE28;
					};
					7A909683194CF3CC00010F38 = {
						CreatedOnToolsVersion = 6.0;
						TestTargetID = 7A90966A194CF3CC00010F38;
					};
				};
			};
			buildConfigurationList = 7A909666194CF3CC00010F38 /* Build configuration list for PBXProject "Reveal" */;
			compatibilityVersion = "Xcode 3.2";
			developmentRegion = English;
			hasScannedForEncodings = 0;
			knownRegions = (
				en,
				Base,
			);
			mainGroup = 7A909662194CF3CC00010F38;
			productRefGroup = 7A90966C194CF3CC00010F38 /* Products */;
			projectDirPath = "";
			projectRoot = "";
			targets = (
				7A90966A194CF3CC00010F38 /* Reveal */,
				7A909683194CF3CC00010F38 /* RevealTests */,
			);
		};
/* End PBXProject section */

/* Begin PBXResourcesBuildPhase section */
		7A909669194CF3CC00010F38 /* Resources */ = {
			isa = PBXResourcesBuildPhase;
			buildActionMask = 2147483647;
			files = (
				7A90967D194CF3CC00010F38 /* Main.storyboard in Resources */,
				D822C172195FF1680001E482 /* Images.xcassets in Resources */,
			);
			runOnlyForDeploymentPostprocessing = 0;
		};
		7A909682194CF3CC00010F38 /* Resources */ = {
			isa = PBXResourcesBuildPhase;
			buildActionMask = 2147483647;
			files = (
			);
			runOnlyForDeploymentPostprocessing = 0;
		};
/* End PBXResourcesBuildPhase section */

/* Begin PBXSourcesBuildPhase section */
		7A909667194CF3CC00010F38 /* Sources */ = {
			isa = PBXSourcesBuildPhase;
			buildActionMask = 2147483647;
			files = (
				7AF74B821951723A005A73B7 /* JsonHandler.m in Sources */,
				D801DA93194EE53800CB9B00 /* ProfileView.m in Sources */,
				D801DA90194EDC1A00CB9B00 /* MeFeedTableViewController.m in Sources */,
				7A71EB1019501C6B00C39B0A /* SignupViewController.m in Sources */,
				7A909674194CF3CC00010F38 /* AppDelegate.m in Sources */,
				7AE8424B195C0D3E0036E223 /* DataHandler.m in Sources */,
				7ACCEED2194F4FBE0099CF96 /* NewPostViewController.m in Sources */,
				D801DA8D194E528100CB9B00 /* EntryCell.m in Sources */,
				D80A09CF195F624900257782 /* DetailedPostTableViewController.m in Sources */,
				7A71EB0D19501C5900C39B0A /* LoginViewController.m in Sources */,
				D801DA87194E0B0400CB9B00 /* DummyPosts.m in Sources */,
				D801DA96194F0B3000CB9B00 /* MeDetailedPostViewController.m in Sources */,
				7A909696194CF63C00010F38 /* TableViewController.m in Sources */,
				7A909671194CF3CC00010F38 /* main.m in Sources */,
				D822C17619637D830001E482 /* UserProfileTableViewController.m in Sources */,
				7A71EB09194FE1A200C39B0A /* InboxTableViewController.m in Sources */,
				D80A09D4195F85C500257782 /* DetailedPostSubView.m in Sources */,
				7A71EB02194FDF9000C39B0A /* NotificationsTableViewController.m in Sources */,
				D801DA81194D891200CB9B00 /* RevealPost.m in Sources */,
			);
			runOnlyForDeploymentPostprocessing = 0;
		};
		7A909680194CF3CC00010F38 /* Sources */ = {
			isa = PBXSourcesBuildPhase;
			buildActionMask = 2147483647;
			files = (
				7A90968B194CF3CC00010F38 /* RevealTests.m in Sources */,
			);
			runOnlyForDeploymentPostprocessing = 0;
		};
/* End PBXSourcesBuildPhase section */

/* Begin PBXTargetDependency section */
		7A909686194CF3CC00010F38 /* PBXTargetDependency */ = {
			isa = PBXTargetDependency;
			target = 7A90966A194CF3CC00010F38 /* Reveal */;
			targetProxy = 7A909685194CF3CC00010F38 /* PBXContainerItemProxy */;
		};
/* End PBXTargetDependency section */

/* Begin PBXVariantGroup section */
		7A90967B194CF3CC00010F38 /* Main.storyboard */ = {
			isa = PBXVariantGroup;
			children = (
				7A90967C194CF3CC00010F38 /* Base */,
			);
			name = Main.storyboard;
			sourceTree = "<group>";
		};
/* End PBXVariantGroup section */

/* Begin XCBuildConfiguration section */
		7A90968C194CF3CC00010F38 /* Debug */ = {
			isa = XCBuildConfiguration;
			buildSettings = {
				ALWAYS_SEARCH_USER_PATHS = NO;
				CLANG_CXX_LANGUAGE_STANDARD = "gnu++0x";
				CLANG_CXX_LIBRARY = "libc++";
				CLANG_ENABLE_MODULES = YES;
				CLANG_ENABLE_OBJC_ARC = YES;
				CLANG_WARN_BOOL_CONVERSION = YES;
				CLANG_WARN_CONSTANT_CONVERSION = YES;
				CLANG_WARN_DIRECT_OBJC_ISA_USAGE = YES_ERROR;
				CLANG_WARN_EMPTY_BODY = YES;
				CLANG_WARN_ENUM_CONVERSION = YES;
				CLANG_WARN_INT_CONVERSION = YES;
				CLANG_WARN_OBJC_ROOT_CLASS = YES_ERROR;
				CLANG_WARN_UNREACHABLE_CODE = YES;
				CLANG_WARN__DUPLICATE_METHOD_MATCH = YES;
				"CODE_SIGN_IDENTITY[sdk=iphoneos*]" = "iPhone Developer";
				COPY_PHASE_STRIP = NO;
				ENABLE_STRICT_OBJC_MSGSEND = YES;
				GCC_C_LANGUAGE_STANDARD = gnu99;
				GCC_DYNAMIC_NO_PIC = NO;
				GCC_OPTIMIZATION_LEVEL = 0;
				GCC_PREPROCESSOR_DEFINITIONS = (
					"DEBUG=1",
					"$(inherited)",
				);
				GCC_SYMBOLS_PRIVATE_EXTERN = NO;
				GCC_WARN_64_TO_32_BIT_CONVERSION = YES;
				GCC_WARN_ABOUT_RETURN_TYPE = YES_ERROR;
				GCC_WARN_UNDECLARED_SELECTOR = YES;
				GCC_WARN_UNINITIALIZED_AUTOS = YES_AGGRESSIVE;
				GCC_WARN_UNUSED_FUNCTION = YES;
				GCC_WARN_UNUSED_VARIABLE = YES;
				IPHONEOS_DEPLOYMENT_TARGET = 8.0;
				METAL_ENABLE_DEBUG_INFO = YES;
				ONLY_ACTIVE_ARCH = YES;
				SDKROOT = iphoneos;
			};
			name = Debug;
		};
		7A90968D194CF3CC00010F38 /* Release */ = {
			isa = XCBuildConfiguration;
			buildSettings = {
				ALWAYS_SEARCH_USER_PATHS = NO;
				CLANG_CXX_LANGUAGE_STANDARD = "gnu++0x";
				CLANG_CXX_LIBRARY = "libc++";
				CLANG_ENABLE_MODULES = YES;
				CLANG_ENABLE_OBJC_ARC = YES;
				CLANG_WARN_BOOL_CONVERSION = YES;
				CLANG_WARN_CONSTANT_CONVERSION = YES;
				CLANG_WARN_DIRECT_OBJC_ISA_USAGE = YES_ERROR;
				CLANG_WARN_EMPTY_BODY = YES;
				CLANG_WARN_ENUM_CONVERSION = YES;
				CLANG_WARN_INT_CONVERSION = YES;
				CLANG_WARN_OBJC_ROOT_CLASS = YES_ERROR;
				CLANG_WARN_UNREACHABLE_CODE = YES;
				CLANG_WARN__DUPLICATE_METHOD_MATCH = YES;
				"CODE_SIGN_IDENTITY[sdk=iphoneos*]" = "iPhone Developer";
				COPY_PHASE_STRIP = YES;
				ENABLE_NS_ASSERTIONS = NO;
				ENABLE_STRICT_OBJC_MSGSEND = YES;
				GCC_C_LANGUAGE_STANDARD = gnu99;
				GCC_WARN_64_TO_32_BIT_CONVERSION = YES;
				GCC_WARN_ABOUT_RETURN_TYPE = YES_ERROR;
				GCC_WARN_UNDECLARED_SELECTOR = YES;
				GCC_WARN_UNINITIALIZED_AUTOS = YES_AGGRESSIVE;
				GCC_WARN_UNUSED_FUNCTION = YES;
				GCC_WARN_UNUSED_VARIABLE = YES;
				IPHONEOS_DEPLOYMENT_TARGET = 8.0;
				METAL_ENABLE_DEBUG_INFO = NO;
				SDKROOT = iphoneos;
				VALIDATE_PRODUCT = YES;
			};
			name = Release;
		};
		7A90968F194CF3CC00010F38 /* Debug */ = {
			isa = XCBuildConfiguration;
			buildSettings = {
				ASSETCATALOG_COMPILER_APPICON_NAME = AppIcon;
				ASSETCATALOG_COMPILER_LAUNCHIMAGE_NAME = LaunchImage;
				CODE_SIGN_IDENTITY = "iPhone Developer";
				"CODE_SIGN_IDENTITY[sdk=iphoneos*]" = "iPhone Developer";
				INFOPLIST_FILE = Reveal/Info.plist;
				IPHONEOS_DEPLOYMENT_TARGET = 7.0;
				LD_RUNPATH_SEARCH_PATHS = "$(inherited) @executable_path/Frameworks";
				PRODUCT_NAME = "$(TARGET_NAME)";
				PROVISIONING_PROFILE = "";
			};
			name = Debug;
		};
		7A909690194CF3CC00010F38 /* Release */ = {
			isa = XCBuildConfiguration;
			buildSettings = {
				ASSETCATALOG_COMPILER_APPICON_NAME = AppIcon;
				ASSETCATALOG_COMPILER_LAUNCHIMAGE_NAME = LaunchImage;
				CODE_SIGN_IDENTITY = "iPhone Developer";
				"CODE_SIGN_IDENTITY[sdk=iphoneos*]" = "iPhone Developer";
				INFOPLIST_FILE = Reveal/Info.plist;
				IPHONEOS_DEPLOYMENT_TARGET = 7.0;
				LD_RUNPATH_SEARCH_PATHS = "$(inherited) @executable_path/Frameworks";
				PRODUCT_NAME = "$(TARGET_NAME)";
				PROVISIONING_PROFILE = "";
			};
			name = Release;
		};
		7A909692194CF3CC00010F38 /* Debug */ = {
			isa = XCBuildConfiguration;
			buildSettings = {
				BUNDLE_LOADER = "$(BUILT_PRODUCTS_DIR)/Reveal.app/Reveal";
				FRAMEWORK_SEARCH_PATHS = (
					"$(SDKROOT)/Developer/Library/Frameworks",
					"$(inherited)",
				);
				GCC_PREPROCESSOR_DEFINITIONS = (
					"DEBUG=1",
					"$(inherited)",
				);
				INFOPLIST_FILE = RevealTests/Info.plist;
				IPHONEOS_DEPLOYMENT_TARGET = 7.0;
				LD_RUNPATH_SEARCH_PATHS = "$(inherited) @executable_path/Frameworks @loader_path/Frameworks";
				METAL_ENABLE_DEBUG_INFO = YES;
				PRODUCT_NAME = "$(TARGET_NAME)";
				TEST_HOST = "$(BUNDLE_LOADER)";
			};
			name = Debug;
		};
		7A909693194CF3CC00010F38 /* Release */ = {
			isa = XCBuildConfiguration;
			buildSettings = {
				BUNDLE_LOADER = "$(BUILT_PRODUCTS_DIR)/Reveal.app/Reveal";
				FRAMEWORK_SEARCH_PATHS = (
					"$(SDKROOT)/Developer/Library/Frameworks",
					"$(inherited)",
				);
				INFOPLIST_FILE = RevealTests/Info.plist;
				IPHONEOS_DEPLOYMENT_TARGET = 7.0;
				LD_RUNPATH_SEARCH_PATHS = "$(inherited) @executable_path/Frameworks @loader_path/Frameworks";
				METAL_ENABLE_DEBUG_INFO = NO;
				PRODUCT_NAME = "$(TARGET_NAME)";
				TEST_HOST = "$(BUNDLE_LOADER)";
			};
			name = Release;
		};
/* End XCBuildConfiguration section */

/* Begin XCConfigurationList section */
		7A909666194CF3CC00010F38 /* Build configuration list for PBXProject "Reveal" */ = {
			isa = XCConfigurationList;
			buildConfigurations = (
				7A90968C194CF3CC00010F38 /* Debug */,
				7A90968D194CF3CC00010F38 /* Release */,
			);
			defaultConfigurationIsVisible = 0;
			defaultConfigurationName = Release;
		};
		7A90968E194CF3CC00010F38 /* Build configuration list for PBXNativeTarget "Reveal" */ = {
			isa = XCConfigurationList;
			buildConfigurations = (
				7A90968F194CF3CC00010F38 /* Debug */,
				7A909690194CF3CC00010F38 /* Release */,
			);
			defaultConfigurationIsVisible = 0;
			defaultConfigurationName = Release;
		};
		7A909691194CF3CC00010F38 /* Build configuration list for PBXNativeTarget "RevealTests" */ = {
			isa = XCConfigurationList;
			buildConfigurations = (
				7A909692194CF3CC00010F38 /* Debug */,
				7A909693194CF3CC00010F38 /* Release */,
			);
			defaultConfigurationIsVisible = 0;
			defaultConfigurationName = Release;
		};
/* End XCConfigurationList section */
	};
	rootObject = 7A909663194CF3CC00010F38 /* Project object */;
}
