<?xml version="1.0" encoding="UTF-8"?>
<!DOCTYPE plist PUBLIC "-//Apple//DTD PLIST 1.0//EN" "http://www.apple.com/DTDs/PropertyList-1.0.dtd">
<plist version="1.0">
<dict>
	<key>archiveVersion</key>
	<string>1</string>
	<key>classes</key>
	<dict/>
	<key>objectVersion</key>
	<string>46</string>
	<key>objects</key>
	<dict>
		<key>15998EED6FE6440EB38C4354</key>
		<dict>
			<key>fileRef</key>
			<string>18641535184C49AC94FADF77</string>
			<key>isa</key>
			<string>PBXBuildFile</string>
		</dict>
		<key>18641535184C49AC94FADF77</key>
		<dict>
			<key>explicitFileType</key>
			<string>archive.ar</string>
			<key>includeInIndex</key>
			<string>0</string>
			<key>isa</key>
			<string>PBXFileReference</string>
			<key>path</key>
			<string>libPods.a</string>
			<key>sourceTree</key>
			<string>BUILT_PRODUCTS_DIR</string>
		</dict>
		<key>36E025BC88E649AFA1758CE0</key>
		<dict>
			<key>buildActionMask</key>
			<string>2147483647</string>
			<key>files</key>
			<array/>
			<key>inputPaths</key>
			<array/>
			<key>isa</key>
			<string>PBXShellScriptBuildPhase</string>
			<key>name</key>
			<string>Copy Pods Resources</string>
			<key>outputPaths</key>
			<array/>
			<key>runOnlyForDeploymentPostprocessing</key>
			<string>0</string>
			<key>shellPath</key>
			<string>/bin/sh</string>
			<key>shellScript</key>
			<string>"${SRCROOT}/Pods/Pods-resources.sh"
</string>
			<key>showEnvVarsInLog</key>
			<string>0</string>
		</dict>
		<key>7A4A6C5F196A94F0008FCF8A</key>
		<dict>
			<key>isa</key>
			<string>PBXFileReference</string>
			<key>lastKnownFileType</key>
			<string>wrapper.framework</string>
			<key>name</key>
			<string>Social.framework</string>
			<key>path</key>
			<string>System/Library/Frameworks/Social.framework</string>
			<key>sourceTree</key>
			<string>SDKROOT</string>
		</dict>
		<key>7A4A6C60196A94F0008FCF8A</key>
		<dict>
			<key>fileRef</key>
			<string>7A4A6C5F196A94F0008FCF8A</string>
			<key>isa</key>
			<string>PBXBuildFile</string>
		</dict>
		<key>7A71EB00194FDF9000C39B0A</key>
		<dict>
			<key>fileEncoding</key>
			<string>4</string>
			<key>isa</key>
			<string>PBXFileReference</string>
			<key>lastKnownFileType</key>
			<string>sourcecode.c.h</string>
			<key>path</key>
			<string>NotificationsTableViewController.h</string>
			<key>sourceTree</key>
			<string>&lt;group&gt;</string>
		</dict>
		<key>7A71EB01194FDF9000C39B0A</key>
		<dict>
			<key>fileEncoding</key>
			<string>4</string>
			<key>isa</key>
			<string>PBXFileReference</string>
			<key>lastKnownFileType</key>
			<string>sourcecode.c.objc</string>
			<key>path</key>
			<string>NotificationsTableViewController.m</string>
			<key>sourceTree</key>
			<string>&lt;group&gt;</string>
		</dict>
		<key>7A71EB02194FDF9000C39B0A</key>
		<dict>
			<key>fileRef</key>
			<string>7A71EB01194FDF9000C39B0A</string>
			<key>isa</key>
			<string>PBXBuildFile</string>
		</dict>
		<key>7A71EB03194FDF9D00C39B0A</key>
		<dict>
			<key>children</key>
			<array>
				<string>7A71EB00194FDF9000C39B0A</string>
				<string>7A71EB01194FDF9000C39B0A</string>
			</array>
			<key>isa</key>
			<string>PBXGroup</string>
			<key>name</key>
			<string>Notifications VC</string>
			<key>sourceTree</key>
			<string>&lt;group&gt;</string>
		</dict>
		<key>7A71EB04194FDFC900C39B0A</key>
		<dict>
			<key>children</key>
			<array>
				<string>7A909694194CF63C00010F38</string>
				<string>7A909695194CF63C00010F38</string>
				<string>D80A09CD195F624900257782</string>
				<string>D80A09CE195F624900257782</string>
				<string>7ACCEED0194F4FBE0099CF96</string>
				<string>7ACCEED1194F4FBE0099CF96</string>
				<string>D80A09D2195F85C500257782</string>
				<string>D80A09D3195F85C500257782</string>
			</array>
			<key>isa</key>
			<string>PBXGroup</string>
			<key>name</key>
			<string>Feed VC</string>
			<key>sourceTree</key>
			<string>&lt;group&gt;</string>
		</dict>
		<key>7A71EB05194FDFEF00C39B0A</key>
		<dict>
			<key>children</key>
			<array>
				<string>D801DA8E194EDC1A00CB9B00</string>
				<string>D801DA8F194EDC1A00CB9B00</string>
				<string>D801DA94194F0B3000CB9B00</string>
				<string>D801DA95194F0B3000CB9B00</string>
				<string>D8F02A1D196AFAD9005E17FA</string>
				<string>D8F02A1E196AFAD9005E17FA</string>
			</array>
			<key>isa</key>
			<string>PBXGroup</string>
			<key>name</key>
			<string>My Profile VC</string>
			<key>sourceTree</key>
			<string>&lt;group&gt;</string>
		</dict>
		<key>7A71EB06194FE16B00C39B0A</key>
		<dict>
			<key>children</key>
			<array>
				<string>7A71EB07194FE1A200C39B0A</string>
				<string>7A71EB08194FE1A200C39B0A</string>
			</array>
			<key>isa</key>
			<string>PBXGroup</string>
			<key>name</key>
			<string>Inbox VC</string>
			<key>sourceTree</key>
			<string>&lt;group&gt;</string>
		</dict>
		<key>7A71EB07194FE1A200C39B0A</key>
		<dict>
			<key>fileEncoding</key>
			<string>4</string>
			<key>isa</key>
			<string>PBXFileReference</string>
			<key>lastKnownFileType</key>
			<string>sourcecode.c.h</string>
			<key>name</key>
			<string>InboxTableViewController.h</string>
			<key>path</key>
			<string>../InboxTableViewController.h</string>
			<key>sourceTree</key>
			<string>&lt;group&gt;</string>
		</dict>
		<key>7A71EB08194FE1A200C39B0A</key>
		<dict>
			<key>fileEncoding</key>
			<string>4</string>
			<key>isa</key>
			<string>PBXFileReference</string>
			<key>lastKnownFileType</key>
			<string>sourcecode.c.objc</string>
			<key>name</key>
			<string>InboxTableViewController.m</string>
			<key>path</key>
			<string>../InboxTableViewController.m</string>
			<key>sourceTree</key>
			<string>&lt;group&gt;</string>
		</dict>
		<key>7A71EB09194FE1A200C39B0A</key>
		<dict>
			<key>fileRef</key>
			<string>7A71EB08194FE1A200C39B0A</string>
			<key>isa</key>
			<string>PBXBuildFile</string>
		</dict>
		<key>7A71EB0A19501C3200C39B0A</key>
		<dict>
			<key>children</key>
			<array>
				<string>7A71EB0B19501C5900C39B0A</string>
				<string>7A71EB0C19501C5900C39B0A</string>
				<string>7A71EB0E19501C6B00C39B0A</string>
				<string>7A71EB0F19501C6B00C39B0A</string>
			</array>
			<key>isa</key>
			<string>PBXGroup</string>
			<key>name</key>
			<string>Login VC</string>
			<key>sourceTree</key>
			<string>&lt;group&gt;</string>
		</dict>
		<key>7A71EB0B19501C5900C39B0A</key>
		<dict>
			<key>fileEncoding</key>
			<string>4</string>
			<key>isa</key>
			<string>PBXFileReference</string>
			<key>lastKnownFileType</key>
			<string>sourcecode.c.h</string>
			<key>path</key>
			<string>LoginViewController.h</string>
			<key>sourceTree</key>
			<string>&lt;group&gt;</string>
		</dict>
		<key>7A71EB0C19501C5900C39B0A</key>
		<dict>
			<key>fileEncoding</key>
			<string>4</string>
			<key>isa</key>
			<string>PBXFileReference</string>
			<key>lastKnownFileType</key>
			<string>sourcecode.c.objc</string>
			<key>path</key>
			<string>LoginViewController.m</string>
			<key>sourceTree</key>
			<string>&lt;group&gt;</string>
		</dict>
		<key>7A71EB0D19501C5900C39B0A</key>
		<dict>
			<key>fileRef</key>
			<string>7A71EB0C19501C5900C39B0A</string>
			<key>isa</key>
			<string>PBXBuildFile</string>
		</dict>
		<key>7A71EB0E19501C6B00C39B0A</key>
		<dict>
			<key>fileEncoding</key>
			<string>4</string>
			<key>isa</key>
			<string>PBXFileReference</string>
			<key>lastKnownFileType</key>
			<string>sourcecode.c.h</string>
			<key>path</key>
			<string>SignupViewController.h</string>
			<key>sourceTree</key>
			<string>&lt;group&gt;</string>
		</dict>
		<key>7A71EB0F19501C6B00C39B0A</key>
		<dict>
			<key>fileEncoding</key>
			<string>4</string>
			<key>isa</key>
			<string>PBXFileReference</string>
			<key>lastKnownFileType</key>
			<string>sourcecode.c.objc</string>
			<key>path</key>
			<string>SignupViewController.m</string>
			<key>sourceTree</key>
			<string>&lt;group&gt;</string>
		</dict>
		<key>7A71EB1019501C6B00C39B0A</key>
		<dict>
			<key>fileRef</key>
			<string>7A71EB0F19501C6B00C39B0A</string>
			<key>isa</key>
			<string>PBXBuildFile</string>
		</dict>
		<key>7A909662194CF3CC00010F38</key>
		<dict>
			<key>children</key>
			<array>
				<string>7A4A6C5F196A94F0008FCF8A</string>
				<string>D822C171195FF1680001E482</string>
				<string>D801DA85194E0B0400CB9B00</string>
				<string>D801DA86194E0B0400CB9B00</string>
				<string>7A90966D194CF3CC00010F38</string>
				<string>7A909687194CF3CC00010F38</string>
				<string>7A90966C194CF3CC00010F38</string>
				<string>7D64F087D1944A21B262364A</string>
				<string>B4103BD60CDC4623BA87C888</string>
			</array>
			<key>isa</key>
			<string>PBXGroup</string>
			<key>sourceTree</key>
			<string>&lt;group&gt;</string>
		</dict>
		<key>7A909663194CF3CC00010F38</key>
		<dict>
			<key>attributes</key>
			<dict>
				<key>LastUpgradeCheck</key>
				<string>0600</string>
				<key>ORGANIZATIONNAME</key>
				<string>Georgia Tech</string>
				<key>TargetAttributes</key>
				<dict>
					<key>7A90966A194CF3CC00010F38</key>
					<dict>
						<key>CreatedOnToolsVersion</key>
						<string>6.0</string>
						<key>DevelopmentTeam</key>
						<string>89JRG4TE28</string>
					</dict>
					<key>7A909683194CF3CC00010F38</key>
					<dict>
						<key>CreatedOnToolsVersion</key>
						<string>6.0</string>
						<key>TestTargetID</key>
						<string>7A90966A194CF3CC00010F38</string>
					</dict>
				</dict>
			</dict>
			<key>buildConfigurationList</key>
			<string>7A909666194CF3CC00010F38</string>
			<key>compatibilityVersion</key>
			<string>Xcode 3.2</string>
			<key>developmentRegion</key>
			<string>English</string>
			<key>hasScannedForEncodings</key>
			<string>0</string>
			<key>isa</key>
			<string>PBXProject</string>
			<key>knownRegions</key>
			<array>
				<string>en</string>
				<string>Base</string>
			</array>
			<key>mainGroup</key>
			<string>7A909662194CF3CC00010F38</string>
			<key>productRefGroup</key>
			<string>7A90966C194CF3CC00010F38</string>
			<key>projectDirPath</key>
			<string></string>
			<key>projectReferences</key>
			<array/>
			<key>projectRoot</key>
			<string></string>
			<key>targets</key>
			<array>
				<string>7A90966A194CF3CC00010F38</string>
				<string>7A909683194CF3CC00010F38</string>
			</array>
		</dict>
		<key>7A909666194CF3CC00010F38</key>
		<dict>
			<key>buildConfigurations</key>
			<array>
				<string>7A90968C194CF3CC00010F38</string>
				<string>7A90968D194CF3CC00010F38</string>
			</array>
			<key>defaultConfigurationIsVisible</key>
			<string>0</string>
			<key>defaultConfigurationName</key>
			<string>Release</string>
			<key>isa</key>
			<string>XCConfigurationList</string>
		</dict>
		<key>7A909667194CF3CC00010F38</key>
		<dict>
			<key>buildActionMask</key>
			<string>2147483647</string>
			<key>files</key>
			<array>
				<string>7AF74B821951723A005A73B7</string>
				<string>D801DA93194EE53800CB9B00</string>
				<string>D801DA90194EDC1A00CB9B00</string>
				<string>7A71EB1019501C6B00C39B0A</string>
				<string>7A909674194CF3CC00010F38</string>
				<string>7AE8424B195C0D3E0036E223</string>
				<string>7ACCEED2194F4FBE0099CF96</string>
				<string>D801DA8D194E528100CB9B00</string>
				<string>D80A09CF195F624900257782</string>
				<string>7A71EB0D19501C5900C39B0A</string>
				<string>D801DA87194E0B0400CB9B00</string>
				<string>D801DA96194F0B3000CB9B00</string>
				<string>7A909696194CF63C00010F38</string>
				<string>7A909671194CF3CC00010F38</string>
				<string>D822C17619637D830001E482</string>
				<string>7A71EB09194FE1A200C39B0A</string>
				<string>D80A09D4195F85C500257782</string>
				<string>7A71EB02194FDF9000C39B0A</string>
				<string>D8F02A1F196AFAD9005E17FA</string>
				<string>D801DA81194D891200CB9B00</string>
			</array>
			<key>isa</key>
			<string>PBXSourcesBuildPhase</string>
			<key>runOnlyForDeploymentPostprocessing</key>
			<string>0</string>
		</dict>
		<key>7A909668194CF3CC00010F38</key>
		<dict>
			<key>buildActionMask</key>
			<string>2147483647</string>
			<key>files</key>
			<array>
				<string>7A4A6C60196A94F0008FCF8A</string>
				<string>15998EED6FE6440EB38C4354</string>
			</array>
			<key>isa</key>
			<string>PBXFrameworksBuildPhase</string>
			<key>runOnlyForDeploymentPostprocessing</key>
			<string>0</string>
		</dict>
		<key>7A909669194CF3CC00010F38</key>
		<dict>
			<key>buildActionMask</key>
			<string>2147483647</string>
			<key>files</key>
			<array>
				<string>7A90967D194CF3CC00010F38</string>
				<string>D822C172195FF1680001E482</string>
			</array>
			<key>isa</key>
			<string>PBXResourcesBuildPhase</string>
			<key>runOnlyForDeploymentPostprocessing</key>
			<string>0</string>
		</dict>
		<key>7A90966A194CF3CC00010F38</key>
		<dict>
			<key>buildConfigurationList</key>
			<string>7A90968E194CF3CC00010F38</string>
			<key>buildPhases</key>
			<array>
				<string>C90DBFFDF12642949CCBFAB7</string>
				<string>7A909667194CF3CC00010F38</string>
				<string>7A909668194CF3CC00010F38</string>
				<string>7A909669194CF3CC00010F38</string>
				<string>36E025BC88E649AFA1758CE0</string>
			</array>
			<key>buildRules</key>
			<array/>
			<key>dependencies</key>
			<array/>
			<key>isa</key>
			<string>PBXNativeTarget</string>
			<key>name</key>
			<string>Reveal</string>
			<key>productName</key>
			<string>Reveal</string>
			<key>productReference</key>
			<string>7A90966B194CF3CC00010F38</string>
			<key>productType</key>
			<string>com.apple.product-type.application</string>
		</dict>
		<key>7A90966B194CF3CC00010F38</key>
		<dict>
			<key>explicitFileType</key>
			<string>wrapper.application</string>
			<key>includeInIndex</key>
			<string>0</string>
			<key>isa</key>
			<string>PBXFileReference</string>
			<key>path</key>
			<string>Reveal.app</string>
			<key>sourceTree</key>
			<string>BUILT_PRODUCTS_DIR</string>
		</dict>
		<key>7A90966C194CF3CC00010F38</key>
		<dict>
			<key>children</key>
			<array>
				<string>7A90966B194CF3CC00010F38</string>
				<string>7A909684194CF3CC00010F38</string>
			</array>
			<key>isa</key>
			<string>PBXGroup</string>
			<key>name</key>
			<string>Products</string>
			<key>sourceTree</key>
			<string>&lt;group&gt;</string>
		</dict>
		<key>7A90966D194CF3CC00010F38</key>
		<dict>
			<key>children</key>
			<array>
				<string>7AF74B7919516FEF005A73B7</string>
				<string>7AF74B7819516FE8005A73B7</string>
				<string>7A90967B194CF3CC00010F38</string>
				<string>D801DA91194EE53800CB9B00</string>
				<string>D801DA92194EE53800CB9B00</string>
				<string>7A909672194CF3CC00010F38</string>
				<string>7A909673194CF3CC00010F38</string>
				<string>7A90966E194CF3CC00010F38</string>
			</array>
			<key>isa</key>
			<string>PBXGroup</string>
			<key>path</key>
			<string>Reveal</string>
			<key>sourceTree</key>
			<string>&lt;group&gt;</string>
		</dict>
		<key>7A90966E194CF3CC00010F38</key>
		<dict>
			<key>children</key>
			<array>
				<string>7A90966F194CF3CC00010F38</string>
				<string>7A909670194CF3CC00010F38</string>
			</array>
			<key>isa</key>
			<string>PBXGroup</string>
			<key>name</key>
			<string>Supporting Files</string>
			<key>sourceTree</key>
			<string>&lt;group&gt;</string>
		</dict>
		<key>7A90966F194CF3CC00010F38</key>
		<dict>
			<key>isa</key>
			<string>PBXFileReference</string>
			<key>lastKnownFileType</key>
			<string>text.plist.xml</string>
			<key>path</key>
			<string>Info.plist</string>
			<key>sourceTree</key>
			<string>&lt;group&gt;</string>
		</dict>
		<key>7A909670194CF3CC00010F38</key>
		<dict>
			<key>isa</key>
			<string>PBXFileReference</string>
			<key>lastKnownFileType</key>
			<string>sourcecode.c.objc</string>
			<key>path</key>
			<string>main.m</string>
			<key>sourceTree</key>
			<string>&lt;group&gt;</string>
		</dict>
		<key>7A909671194CF3CC00010F38</key>
		<dict>
			<key>fileRef</key>
			<string>7A909670194CF3CC00010F38</string>
			<key>isa</key>
			<string>PBXBuildFile</string>
		</dict>
		<key>7A909672194CF3CC00010F38</key>
		<dict>
			<key>isa</key>
			<string>PBXFileReference</string>
			<key>lastKnownFileType</key>
			<string>sourcecode.c.h</string>
			<key>path</key>
			<string>AppDelegate.h</string>
			<key>sourceTree</key>
			<string>&lt;group&gt;</string>
		</dict>
		<key>7A909673194CF3CC00010F38</key>
		<dict>
			<key>isa</key>
			<string>PBXFileReference</string>
			<key>lastKnownFileType</key>
			<string>sourcecode.c.objc</string>
			<key>path</key>
			<string>AppDelegate.m</string>
			<key>sourceTree</key>
			<string>&lt;group&gt;</string>
		</dict>
		<key>7A909674194CF3CC00010F38</key>
		<dict>
			<key>fileRef</key>
			<string>7A909673194CF3CC00010F38</string>
			<key>isa</key>
			<string>PBXBuildFile</string>
		</dict>
		<key>7A90967B194CF3CC00010F38</key>
		<dict>
			<key>children</key>
			<array>
				<string>7A90967C194CF3CC00010F38</string>
			</array>
			<key>isa</key>
			<string>PBXVariantGroup</string>
			<key>name</key>
			<string>Main.storyboard</string>
			<key>sourceTree</key>
			<string>&lt;group&gt;</string>
		</dict>
		<key>7A90967C194CF3CC00010F38</key>
		<dict>
			<key>isa</key>
			<string>PBXFileReference</string>
			<key>lastKnownFileType</key>
			<string>file.storyboard</string>
			<key>name</key>
			<string>Base</string>
			<key>path</key>
			<string>Base.lproj/Main.storyboard</string>
			<key>sourceTree</key>
			<string>&lt;group&gt;</string>
		</dict>
		<key>7A90967D194CF3CC00010F38</key>
		<dict>
			<key>fileRef</key>
			<string>7A90967B194CF3CC00010F38</string>
			<key>isa</key>
			<string>PBXBuildFile</string>
		</dict>
		<key>7A909680194CF3CC00010F38</key>
		<dict>
			<key>buildActionMask</key>
			<string>2147483647</string>
			<key>files</key>
			<array>
				<string>7A90968B194CF3CC00010F38</string>
			</array>
			<key>isa</key>
			<string>PBXSourcesBuildPhase</string>
			<key>runOnlyForDeploymentPostprocessing</key>
			<string>0</string>
		</dict>
		<key>7A909681194CF3CC00010F38</key>
		<dict>
			<key>buildActionMask</key>
			<string>2147483647</string>
			<key>files</key>
			<array/>
			<key>isa</key>
			<string>PBXFrameworksBuildPhase</string>
			<key>runOnlyForDeploymentPostprocessing</key>
			<string>0</string>
		</dict>
		<key>7A909682194CF3CC00010F38</key>
		<dict>
			<key>buildActionMask</key>
			<string>2147483647</string>
			<key>files</key>
			<array/>
			<key>isa</key>
			<string>PBXResourcesBuildPhase</string>
			<key>runOnlyForDeploymentPostprocessing</key>
			<string>0</string>
		</dict>
		<key>7A909683194CF3CC00010F38</key>
		<dict>
			<key>buildConfigurationList</key>
			<string>7A909691194CF3CC00010F38</string>
			<key>buildPhases</key>
			<array>
				<string>7A909680194CF3CC00010F38</string>
				<string>7A909681194CF3CC00010F38</string>
				<string>7A909682194CF3CC00010F38</string>
			</array>
			<key>buildRules</key>
			<array/>
			<key>dependencies</key>
			<array>
				<string>7A909686194CF3CC00010F38</string>
			</array>
			<key>isa</key>
			<string>PBXNativeTarget</string>
			<key>name</key>
			<string>RevealTests</string>
			<key>productName</key>
			<string>RevealTests</string>
			<key>productReference</key>
			<string>7A909684194CF3CC00010F38</string>
			<key>productType</key>
			<string>com.apple.product-type.bundle.unit-test</string>
		</dict>
		<key>7A909684194CF3CC00010F38</key>
		<dict>
			<key>explicitFileType</key>
			<string>wrapper.cfbundle</string>
			<key>includeInIndex</key>
			<string>0</string>
			<key>isa</key>
			<string>PBXFileReference</string>
			<key>path</key>
			<string>RevealTests.xctest</string>
			<key>sourceTree</key>
			<string>BUILT_PRODUCTS_DIR</string>
		</dict>
		<key>7A909685194CF3CC00010F38</key>
		<dict>
			<key>containerPortal</key>
			<string>7A909663194CF3CC00010F38</string>
			<key>isa</key>
			<string>PBXContainerItemProxy</string>
			<key>proxyType</key>
			<string>1</string>
			<key>remoteGlobalIDString</key>
			<string>7A90966A194CF3CC00010F38</string>
			<key>remoteInfo</key>
			<string>Reveal</string>
		</dict>
		<key>7A909686194CF3CC00010F38</key>
		<dict>
			<key>isa</key>
			<string>PBXTargetDependency</string>
			<key>target</key>
			<string>7A90966A194CF3CC00010F38</string>
			<key>targetProxy</key>
			<string>7A909685194CF3CC00010F38</string>
		</dict>
		<key>7A909687194CF3CC00010F38</key>
		<dict>
			<key>children</key>
			<array>
				<string>7A90968A194CF3CC00010F38</string>
				<string>7A909688194CF3CC00010F38</string>
			</array>
			<key>isa</key>
			<string>PBXGroup</string>
			<key>path</key>
			<string>RevealTests</string>
			<key>sourceTree</key>
			<string>&lt;group&gt;</string>
		</dict>
		<key>7A909688194CF3CC00010F38</key>
		<dict>
			<key>children</key>
			<array>
				<string>7A909689194CF3CC00010F38</string>
			</array>
			<key>isa</key>
			<string>PBXGroup</string>
			<key>name</key>
			<string>Supporting Files</string>
			<key>sourceTree</key>
			<string>&lt;group&gt;</string>
		</dict>
		<key>7A909689194CF3CC00010F38</key>
		<dict>
			<key>isa</key>
			<string>PBXFileReference</string>
			<key>lastKnownFileType</key>
			<string>text.plist.xml</string>
			<key>path</key>
			<string>Info.plist</string>
			<key>sourceTree</key>
			<string>&lt;group&gt;</string>
		</dict>
		<key>7A90968A194CF3CC00010F38</key>
		<dict>
			<key>isa</key>
			<string>PBXFileReference</string>
			<key>lastKnownFileType</key>
			<string>sourcecode.c.objc</string>
			<key>path</key>
			<string>RevealTests.m</string>
			<key>sourceTree</key>
			<string>&lt;group&gt;</string>
		</dict>
		<key>7A90968B194CF3CC00010F38</key>
		<dict>
			<key>fileRef</key>
			<string>7A90968A194CF3CC00010F38</string>
			<key>isa</key>
			<string>PBXBuildFile</string>
		</dict>
		<key>7A90968C194CF3CC00010F38</key>
		<dict>
			<key>buildSettings</key>
			<dict>
				<key>ALWAYS_SEARCH_USER_PATHS</key>
				<string>NO</string>
				<key>CLANG_CXX_LANGUAGE_STANDARD</key>
				<string>gnu++0x</string>
				<key>CLANG_CXX_LIBRARY</key>
				<string>libc++</string>
				<key>CLANG_ENABLE_MODULES</key>
				<string>YES</string>
				<key>CLANG_ENABLE_OBJC_ARC</key>
				<string>YES</string>
				<key>CLANG_WARN_BOOL_CONVERSION</key>
				<string>YES</string>
				<key>CLANG_WARN_CONSTANT_CONVERSION</key>
				<string>YES</string>
				<key>CLANG_WARN_DIRECT_OBJC_ISA_USAGE</key>
				<string>YES_ERROR</string>
				<key>CLANG_WARN_EMPTY_BODY</key>
				<string>YES</string>
				<key>CLANG_WARN_ENUM_CONVERSION</key>
				<string>YES</string>
				<key>CLANG_WARN_INT_CONVERSION</key>
				<string>YES</string>
				<key>CLANG_WARN_OBJC_ROOT_CLASS</key>
				<string>YES_ERROR</string>
				<key>CLANG_WARN_UNREACHABLE_CODE</key>
				<string>YES</string>
				<key>CLANG_WARN__DUPLICATE_METHOD_MATCH</key>
				<string>YES</string>
				<key>CODE_SIGN_IDENTITY[sdk=iphoneos*]</key>
				<string>iPhone Developer</string>
				<key>COPY_PHASE_STRIP</key>
				<string>NO</string>
				<key>ENABLE_STRICT_OBJC_MSGSEND</key>
				<string>YES</string>
				<key>GCC_C_LANGUAGE_STANDARD</key>
				<string>gnu99</string>
				<key>GCC_DYNAMIC_NO_PIC</key>
				<string>NO</string>
				<key>GCC_OPTIMIZATION_LEVEL</key>
				<string>0</string>
				<key>GCC_PREPROCESSOR_DEFINITIONS</key>
				<array>
					<string>DEBUG=1</string>
					<string>$(inherited)</string>
				</array>
				<key>GCC_SYMBOLS_PRIVATE_EXTERN</key>
				<string>NO</string>
				<key>GCC_WARN_64_TO_32_BIT_CONVERSION</key>
				<string>YES</string>
				<key>GCC_WARN_ABOUT_RETURN_TYPE</key>
				<string>YES_ERROR</string>
				<key>GCC_WARN_UNDECLARED_SELECTOR</key>
				<string>YES</string>
				<key>GCC_WARN_UNINITIALIZED_AUTOS</key>
				<string>YES_AGGRESSIVE</string>
				<key>GCC_WARN_UNUSED_FUNCTION</key>
				<string>YES</string>
				<key>GCC_WARN_UNUSED_VARIABLE</key>
				<string>YES</string>
				<key>IPHONEOS_DEPLOYMENT_TARGET</key>
				<string>8.0</string>
				<key>METAL_ENABLE_DEBUG_INFO</key>
				<string>YES</string>
				<key>ONLY_ACTIVE_ARCH</key>
				<string>YES</string>
				<key>SDKROOT</key>
				<string>iphoneos</string>
			</dict>
			<key>isa</key>
			<string>XCBuildConfiguration</string>
			<key>name</key>
			<string>Debug</string>
		</dict>
		<key>7A90968D194CF3CC00010F38</key>
		<dict>
			<key>buildSettings</key>
			<dict>
				<key>ALWAYS_SEARCH_USER_PATHS</key>
				<string>NO</string>
				<key>CLANG_CXX_LANGUAGE_STANDARD</key>
				<string>gnu++0x</string>
				<key>CLANG_CXX_LIBRARY</key>
				<string>libc++</string>
				<key>CLANG_ENABLE_MODULES</key>
				<string>YES</string>
				<key>CLANG_ENABLE_OBJC_ARC</key>
				<string>YES</string>
				<key>CLANG_WARN_BOOL_CONVERSION</key>
				<string>YES</string>
				<key>CLANG_WARN_CONSTANT_CONVERSION</key>
				<string>YES</string>
				<key>CLANG_WARN_DIRECT_OBJC_ISA_USAGE</key>
				<string>YES_ERROR</string>
				<key>CLANG_WARN_EMPTY_BODY</key>
				<string>YES</string>
				<key>CLANG_WARN_ENUM_CONVERSION</key>
				<string>YES</string>
				<key>CLANG_WARN_INT_CONVERSION</key>
				<string>YES</string>
				<key>CLANG_WARN_OBJC_ROOT_CLASS</key>
				<string>YES_ERROR</string>
				<key>CLANG_WARN_UNREACHABLE_CODE</key>
				<string>YES</string>
				<key>CLANG_WARN__DUPLICATE_METHOD_MATCH</key>
				<string>YES</string>
				<key>CODE_SIGN_IDENTITY[sdk=iphoneos*]</key>
				<string>iPhone Developer</string>
				<key>COPY_PHASE_STRIP</key>
				<string>YES</string>
				<key>ENABLE_NS_ASSERTIONS</key>
				<string>NO</string>
				<key>ENABLE_STRICT_OBJC_MSGSEND</key>
				<string>YES</string>
				<key>GCC_C_LANGUAGE_STANDARD</key>
				<string>gnu99</string>
				<key>GCC_WARN_64_TO_32_BIT_CONVERSION</key>
				<string>YES</string>
				<key>GCC_WARN_ABOUT_RETURN_TYPE</key>
				<string>YES_ERROR</string>
				<key>GCC_WARN_UNDECLARED_SELECTOR</key>
				<string>YES</string>
				<key>GCC_WARN_UNINITIALIZED_AUTOS</key>
				<string>YES_AGGRESSIVE</string>
				<key>GCC_WARN_UNUSED_FUNCTION</key>
				<string>YES</string>
				<key>GCC_WARN_UNUSED_VARIABLE</key>
				<string>YES</string>
				<key>IPHONEOS_DEPLOYMENT_TARGET</key>
				<string>8.0</string>
				<key>METAL_ENABLE_DEBUG_INFO</key>
				<string>NO</string>
				<key>SDKROOT</key>
				<string>iphoneos</string>
				<key>VALIDATE_PRODUCT</key>
				<string>YES</string>
			</dict>
			<key>isa</key>
			<string>XCBuildConfiguration</string>
			<key>name</key>
			<string>Release</string>
		</dict>
		<key>7A90968E194CF3CC00010F38</key>
		<dict>
			<key>buildConfigurations</key>
			<array>
				<string>7A90968F194CF3CC00010F38</string>
				<string>7A909690194CF3CC00010F38</string>
			</array>
			<key>defaultConfigurationIsVisible</key>
			<string>0</string>
			<key>defaultConfigurationName</key>
			<string>Release</string>
			<key>isa</key>
			<string>XCConfigurationList</string>
		</dict>
		<key>7A90968F194CF3CC00010F38</key>
		<dict>
			<key>baseConfigurationReference</key>
			<string>B4103BD60CDC4623BA87C888</string>
			<key>buildSettings</key>
			<dict>
				<key>ASSETCATALOG_COMPILER_APPICON_NAME</key>
				<string>AppIcon</string>
				<key>ASSETCATALOG_COMPILER_LAUNCHIMAGE_NAME</key>
				<string>LaunchImage</string>
				<key>CODE_SIGN_IDENTITY</key>
				<string>iPhone Developer</string>
				<key>CODE_SIGN_IDENTITY[sdk=iphoneos*]</key>
				<string>iPhone Developer</string>
				<key>INFOPLIST_FILE</key>
				<string>Reveal/Info.plist</string>
				<key>IPHONEOS_DEPLOYMENT_TARGET</key>
				<string>7.0</string>
				<key>LD_RUNPATH_SEARCH_PATHS</key>
				<string>$(inherited) @executable_path/Frameworks</string>
				<key>PRODUCT_NAME</key>
				<string>$(TARGET_NAME)</string>
				<key>PROVISIONING_PROFILE</key>
				<string></string>
			</dict>
			<key>isa</key>
			<string>XCBuildConfiguration</string>
			<key>name</key>
			<string>Debug</string>
		</dict>
		<key>7A909690194CF3CC00010F38</key>
		<dict>
			<key>baseConfigurationReference</key>
			<string>B4103BD60CDC4623BA87C888</string>
			<key>buildSettings</key>
			<dict>
				<key>ASSETCATALOG_COMPILER_APPICON_NAME</key>
				<string>AppIcon</string>
				<key>ASSETCATALOG_COMPILER_LAUNCHIMAGE_NAME</key>
				<string>LaunchImage</string>
				<key>CODE_SIGN_IDENTITY</key>
				<string>iPhone Developer</string>
				<key>CODE_SIGN_IDENTITY[sdk=iphoneos*]</key>
				<string>iPhone Developer</string>
				<key>INFOPLIST_FILE</key>
				<string>Reveal/Info.plist</string>
				<key>IPHONEOS_DEPLOYMENT_TARGET</key>
				<string>7.0</string>
				<key>LD_RUNPATH_SEARCH_PATHS</key>
				<string>$(inherited) @executable_path/Frameworks</string>
				<key>PRODUCT_NAME</key>
				<string>$(TARGET_NAME)</string>
				<key>PROVISIONING_PROFILE</key>
				<string></string>
			</dict>
			<key>isa</key>
			<string>XCBuildConfiguration</string>
			<key>name</key>
			<string>Release</string>
		</dict>
		<key>7A909691194CF3CC00010F38</key>
		<dict>
			<key>buildConfigurations</key>
			<array>
				<string>7A909692194CF3CC00010F38</string>
				<string>7A909693194CF3CC00010F38</string>
			</array>
			<key>defaultConfigurationIsVisible</key>
			<string>0</string>
			<key>defaultConfigurationName</key>
			<string>Release</string>
			<key>isa</key>
			<string>XCConfigurationList</string>
		</dict>
		<key>7A909692194CF3CC00010F38</key>
		<dict>
			<key>buildSettings</key>
			<dict>
				<key>BUNDLE_LOADER</key>
				<string>$(BUILT_PRODUCTS_DIR)/Reveal.app/Reveal</string>
				<key>FRAMEWORK_SEARCH_PATHS</key>
				<array>
					<string>$(SDKROOT)/Developer/Library/Frameworks</string>
					<string>$(inherited)</string>
				</array>
				<key>GCC_PREPROCESSOR_DEFINITIONS</key>
				<array>
					<string>DEBUG=1</string>
					<string>$(inherited)</string>
				</array>
				<key>INFOPLIST_FILE</key>
				<string>RevealTests/Info.plist</string>
				<key>IPHONEOS_DEPLOYMENT_TARGET</key>
				<string>7.0</string>
				<key>LD_RUNPATH_SEARCH_PATHS</key>
				<string>$(inherited) @executable_path/Frameworks @loader_path/Frameworks</string>
				<key>METAL_ENABLE_DEBUG_INFO</key>
				<string>YES</string>
				<key>PRODUCT_NAME</key>
				<string>$(TARGET_NAME)</string>
				<key>TEST_HOST</key>
				<string>$(BUNDLE_LOADER)</string>
			</dict>
			<key>isa</key>
			<string>XCBuildConfiguration</string>
			<key>name</key>
			<string>Debug</string>
		</dict>
		<key>7A909693194CF3CC00010F38</key>
		<dict>
			<key>buildSettings</key>
			<dict>
				<key>BUNDLE_LOADER</key>
				<string>$(BUILT_PRODUCTS_DIR)/Reveal.app/Reveal</string>
				<key>FRAMEWORK_SEARCH_PATHS</key>
				<array>
					<string>$(SDKROOT)/Developer/Library/Frameworks</string>
					<string>$(inherited)</string>
				</array>
				<key>INFOPLIST_FILE</key>
				<string>RevealTests/Info.plist</string>
				<key>IPHONEOS_DEPLOYMENT_TARGET</key>
				<string>7.0</string>
				<key>LD_RUNPATH_SEARCH_PATHS</key>
				<string>$(inherited) @executable_path/Frameworks @loader_path/Frameworks</string>
				<key>METAL_ENABLE_DEBUG_INFO</key>
				<string>NO</string>
				<key>PRODUCT_NAME</key>
				<string>$(TARGET_NAME)</string>
				<key>TEST_HOST</key>
				<string>$(BUNDLE_LOADER)</string>
			</dict>
			<key>isa</key>
			<string>XCBuildConfiguration</string>
			<key>name</key>
			<string>Release</string>
		</dict>
		<key>7A909694194CF63C00010F38</key>
		<dict>
			<key>fileEncoding</key>
			<string>4</string>
			<key>isa</key>
			<string>PBXFileReference</string>
			<key>lastKnownFileType</key>
			<string>sourcecode.c.h</string>
			<key>name</key>
			<string>TableViewController.h</string>
			<key>path</key>
			<string>../TableViewController.h</string>
			<key>sourceTree</key>
			<string>&lt;group&gt;</string>
		</dict>
		<key>7A909695194CF63C00010F38</key>
		<dict>
			<key>fileEncoding</key>
			<string>4</string>
			<key>isa</key>
			<string>PBXFileReference</string>
			<key>lastKnownFileType</key>
			<string>sourcecode.c.objc</string>
			<key>name</key>
			<string>TableViewController.m</string>
			<key>path</key>
			<string>../TableViewController.m</string>
			<key>sourceTree</key>
			<string>&lt;group&gt;</string>
		</dict>
		<key>7A909696194CF63C00010F38</key>
		<dict>
			<key>fileRef</key>
			<string>7A909695194CF63C00010F38</string>
			<key>isa</key>
			<string>PBXBuildFile</string>
		</dict>
		<key>7ACCEED0194F4FBE0099CF96</key>
		<dict>
			<key>fileEncoding</key>
			<string>4</string>
			<key>isa</key>
			<string>PBXFileReference</string>
			<key>lastKnownFileType</key>
			<string>sourcecode.c.objc</string>
			<key>path</key>
			<string>NewPostViewController.m</string>
			<key>sourceTree</key>
			<string>SOURCE_ROOT</string>
		</dict>
		<key>7ACCEED1194F4FBE0099CF96</key>
		<dict>
			<key>fileEncoding</key>
			<string>4</string>
			<key>isa</key>
			<string>PBXFileReference</string>
			<key>lastKnownFileType</key>
			<string>sourcecode.c.h</string>
			<key>path</key>
			<string>NewPostViewController.h</string>
			<key>sourceTree</key>
			<string>SOURCE_ROOT</string>
		</dict>
		<key>7ACCEED2194F4FBE0099CF96</key>
		<dict>
			<key>fileRef</key>
			<string>7ACCEED0194F4FBE0099CF96</string>
			<key>isa</key>
			<string>PBXBuildFile</string>
		</dict>
		<key>7AE84249195C0D3E0036E223</key>
		<dict>
			<key>fileEncoding</key>
			<string>4</string>
			<key>isa</key>
			<string>PBXFileReference</string>
			<key>lastKnownFileType</key>
			<string>sourcecode.c.h</string>
			<key>path</key>
			<string>DataHandler.h</string>
			<key>sourceTree</key>
			<string>&lt;group&gt;</string>
		</dict>
		<key>7AE8424A195C0D3E0036E223</key>
		<dict>
			<key>fileEncoding</key>
			<string>4</string>
			<key>isa</key>
			<string>PBXFileReference</string>
			<key>lastKnownFileType</key>
			<string>sourcecode.c.objc</string>
			<key>path</key>
			<string>DataHandler.m</string>
			<key>sourceTree</key>
			<string>&lt;group&gt;</string>
		</dict>
		<key>7AE8424B195C0D3E0036E223</key>
		<dict>
			<key>fileRef</key>
			<string>7AE8424A195C0D3E0036E223</string>
			<key>isa</key>
			<string>PBXBuildFile</string>
		</dict>
		<key>7AF74B7819516FE8005A73B7</key>
		<dict>
			<key>children</key>
			<array>
				<string>D801DA8B194E528100CB9B00</string>
				<string>D801DA8C194E528100CB9B00</string>
				<string>D801DA7F194D891200CB9B00</string>
				<string>D801DA80194D891200CB9B00</string>
				<string>7AF74B801951723A005A73B7</string>
				<string>7AF74B811951723A005A73B7</string>
				<string>7AE84249195C0D3E0036E223</string>
				<string>7AE8424A195C0D3E0036E223</string>
			</array>
			<key>isa</key>
			<string>PBXGroup</string>
			<key>name</key>
			<string>Model</string>
			<key>sourceTree</key>
			<string>&lt;group&gt;</string>
		</dict>
		<key>7AF74B7919516FEF005A73B7</key>
		<dict>
			<key>children</key>
			<array>
				<string>7A71EB03194FDF9D00C39B0A</string>
				<string>7A71EB04194FDFC900C39B0A</string>
				<string>D822C17319637CD90001E482</string>
				<string>7A71EB05194FDFEF00C39B0A</string>
				<string>7A71EB06194FE16B00C39B0A</string>
				<string>7A71EB0A19501C3200C39B0A</string>
			</array>
			<key>isa</key>
			<string>PBXGroup</string>
			<key>name</key>
			<string>View</string>
			<key>sourceTree</key>
			<string>&lt;group&gt;</string>
		</dict>
		<key>7AF74B801951723A005A73B7</key>
		<dict>
			<key>fileEncoding</key>
			<string>4</string>
			<key>isa</key>
			<string>PBXFileReference</string>
			<key>lastKnownFileType</key>
			<string>sourcecode.c.h</string>
			<key>name</key>
			<string>JsonHandler.h</string>
			<key>path</key>
			<string>../JsonHandler.h</string>
			<key>sourceTree</key>
			<string>&lt;group&gt;</string>
		</dict>
		<key>7AF74B811951723A005A73B7</key>
		<dict>
			<key>fileEncoding</key>
			<string>4</string>
			<key>isa</key>
			<string>PBXFileReference</string>
			<key>lastKnownFileType</key>
			<string>sourcecode.c.objc</string>
			<key>name</key>
			<string>JsonHandler.m</string>
			<key>path</key>
			<string>../JsonHandler.m</string>
			<key>sourceTree</key>
			<string>&lt;group&gt;</string>
		</dict>
		<key>7AF74B821951723A005A73B7</key>
		<dict>
			<key>fileRef</key>
			<string>7AF74B811951723A005A73B7</string>
			<key>isa</key>
			<string>PBXBuildFile</string>
		</dict>
		<key>7D64F087D1944A21B262364A</key>
		<dict>
			<key>children</key>
			<array>
				<string>18641535184C49AC94FADF77</string>
			</array>
			<key>isa</key>
			<string>PBXGroup</string>
			<key>name</key>
			<string>Frameworks</string>
			<key>sourceTree</key>
			<string>&lt;group&gt;</string>
		</dict>
		<key>B4103BD60CDC4623BA87C888</key>
		<dict>
			<key>includeInIndex</key>
			<string>1</string>
			<key>isa</key>
			<string>PBXFileReference</string>
			<key>lastKnownFileType</key>
			<string>text.xcconfig</string>
			<key>name</key>
			<string>Pods.xcconfig</string>
			<key>path</key>
			<string>Pods/Pods.xcconfig</string>
			<key>sourceTree</key>
			<string>&lt;group&gt;</string>
		</dict>
		<key>C90DBFFDF12642949CCBFAB7</key>
		<dict>
			<key>buildActionMask</key>
			<string>2147483647</string>
			<key>files</key>
			<array/>
			<key>inputPaths</key>
			<array/>
			<key>isa</key>
			<string>PBXShellScriptBuildPhase</string>
			<key>name</key>
			<string>Check Pods Manifest.lock</string>
			<key>outputPaths</key>
			<array/>
			<key>runOnlyForDeploymentPostprocessing</key>
			<string>0</string>
			<key>shellPath</key>
			<string>/bin/sh</string>
			<key>shellScript</key>
			<string>diff "${PODS_ROOT}/../Podfile.lock" "${PODS_ROOT}/Manifest.lock" &gt; /dev/null
if [[ $? != 0 ]] ; then
    cat &lt;&lt; EOM
error: The sandbox is not in sync with the Podfile.lock. Run 'pod install' or update your CocoaPods installation.
EOM
    exit 1
fi
</string>
			<key>showEnvVarsInLog</key>
			<string>0</string>
		</dict>
		<key>D801DA7F194D891200CB9B00</key>
		<dict>
			<key>fileEncoding</key>
			<string>4</string>
			<key>isa</key>
			<string>PBXFileReference</string>
			<key>lastKnownFileType</key>
			<string>sourcecode.c.h</string>
			<key>path</key>
			<string>RevealPost.h</string>
			<key>sourceTree</key>
			<string>&lt;group&gt;</string>
		</dict>
		<key>D801DA80194D891200CB9B00</key>
		<dict>
			<key>fileEncoding</key>
			<string>4</string>
			<key>isa</key>
			<string>PBXFileReference</string>
			<key>lastKnownFileType</key>
			<string>sourcecode.c.objc</string>
			<key>path</key>
			<string>RevealPost.m</string>
			<key>sourceTree</key>
			<string>&lt;group&gt;</string>
		</dict>
		<key>D801DA81194D891200CB9B00</key>
		<dict>
			<key>fileRef</key>
			<string>D801DA80194D891200CB9B00</string>
			<key>isa</key>
			<string>PBXBuildFile</string>
		</dict>
		<key>D801DA85194E0B0400CB9B00</key>
		<dict>
			<key>fileEncoding</key>
			<string>4</string>
			<key>isa</key>
			<string>PBXFileReference</string>
			<key>lastKnownFileType</key>
			<string>sourcecode.c.h</string>
			<key>path</key>
			<string>DummyPosts.h</string>
			<key>sourceTree</key>
			<string>&lt;group&gt;</string>
		</dict>
		<key>D801DA86194E0B0400CB9B00</key>
		<dict>
			<key>fileEncoding</key>
			<string>4</string>
			<key>isa</key>
			<string>PBXFileReference</string>
			<key>lastKnownFileType</key>
			<string>sourcecode.c.objc</string>
			<key>path</key>
			<string>DummyPosts.m</string>
			<key>sourceTree</key>
			<string>&lt;group&gt;</string>
		</dict>
		<key>D801DA87194E0B0400CB9B00</key>
		<dict>
			<key>fileRef</key>
			<string>D801DA86194E0B0400CB9B00</string>
			<key>isa</key>
			<string>PBXBuildFile</string>
		</dict>
		<key>D801DA8B194E528100CB9B00</key>
		<dict>
			<key>fileEncoding</key>
			<string>4</string>
			<key>isa</key>
			<string>PBXFileReference</string>
			<key>lastKnownFileType</key>
			<string>sourcecode.c.h</string>
			<key>path</key>
			<string>EntryCell.h</string>
			<key>sourceTree</key>
			<string>&lt;group&gt;</string>
		</dict>
		<key>D801DA8C194E528100CB9B00</key>
		<dict>
			<key>fileEncoding</key>
			<string>4</string>
			<key>isa</key>
			<string>PBXFileReference</string>
			<key>lastKnownFileType</key>
			<string>sourcecode.c.objc</string>
			<key>path</key>
			<string>EntryCell.m</string>
			<key>sourceTree</key>
			<string>&lt;group&gt;</string>
		</dict>
		<key>D801DA8D194E528100CB9B00</key>
		<dict>
			<key>fileRef</key>
			<string>D801DA8C194E528100CB9B00</string>
			<key>isa</key>
			<string>PBXBuildFile</string>
		</dict>
		<key>D801DA8E194EDC1A00CB9B00</key>
		<dict>
			<key>fileEncoding</key>
			<string>4</string>
			<key>isa</key>
			<string>PBXFileReference</string>
			<key>lastKnownFileType</key>
			<string>sourcecode.c.h</string>
			<key>path</key>
			<string>MeFeedTableViewController.h</string>
			<key>sourceTree</key>
			<string>&lt;group&gt;</string>
		</dict>
		<key>D801DA8F194EDC1A00CB9B00</key>
		<dict>
			<key>fileEncoding</key>
			<string>4</string>
			<key>isa</key>
			<string>PBXFileReference</string>
			<key>lastKnownFileType</key>
			<string>sourcecode.c.objc</string>
			<key>path</key>
			<string>MeFeedTableViewController.m</string>
			<key>sourceTree</key>
			<string>&lt;group&gt;</string>
		</dict>
		<key>D801DA90194EDC1A00CB9B00</key>
		<dict>
			<key>fileRef</key>
			<string>D801DA8F194EDC1A00CB9B00</string>
			<key>isa</key>
			<string>PBXBuildFile</string>
		</dict>
		<key>D801DA91194EE53800CB9B00</key>
		<dict>
			<key>fileEncoding</key>
			<string>4</string>
			<key>isa</key>
			<string>PBXFileReference</string>
			<key>lastKnownFileType</key>
			<string>sourcecode.c.h</string>
			<key>path</key>
			<string>ProfileView.h</string>
			<key>sourceTree</key>
			<string>&lt;group&gt;</string>
		</dict>
		<key>D801DA92194EE53800CB9B00</key>
		<dict>
			<key>fileEncoding</key>
			<string>4</string>
			<key>isa</key>
			<string>PBXFileReference</string>
			<key>lastKnownFileType</key>
			<string>sourcecode.c.objc</string>
			<key>path</key>
			<string>ProfileView.m</string>
			<key>sourceTree</key>
			<string>&lt;group&gt;</string>
		</dict>
		<key>D801DA93194EE53800CB9B00</key>
		<dict>
			<key>fileRef</key>
			<string>D801DA92194EE53800CB9B00</string>
			<key>isa</key>
			<string>PBXBuildFile</string>
		</dict>
		<key>D801DA94194F0B3000CB9B00</key>
		<dict>
			<key>fileEncoding</key>
			<string>4</string>
			<key>isa</key>
			<string>PBXFileReference</string>
			<key>lastKnownFileType</key>
			<string>sourcecode.c.h</string>
			<key>path</key>
			<string>MeDetailedPostViewController.h</string>
			<key>sourceTree</key>
			<string>&lt;group&gt;</string>
		</dict>
		<key>D801DA95194F0B3000CB9B00</key>
		<dict>
			<key>fileEncoding</key>
			<string>4</string>
			<key>isa</key>
			<string>PBXFileReference</string>
			<key>lastKnownFileType</key>
			<string>sourcecode.c.objc</string>
			<key>path</key>
			<string>MeDetailedPostViewController.m</string>
			<key>sourceTree</key>
			<string>&lt;group&gt;</string>
		</dict>
		<key>D801DA96194F0B3000CB9B00</key>
		<dict>
			<key>fileRef</key>
			<string>D801DA95194F0B3000CB9B00</string>
			<key>isa</key>
			<string>PBXBuildFile</string>
		</dict>
		<key>D80A09CD195F624900257782</key>
		<dict>
			<key>fileEncoding</key>
			<string>4</string>
			<key>isa</key>
			<string>PBXFileReference</string>
			<key>lastKnownFileType</key>
			<string>sourcecode.c.h</string>
			<key>path</key>
			<string>DetailedPostTableViewController.h</string>
			<key>sourceTree</key>
			<string>&lt;group&gt;</string>
		</dict>
		<key>D80A09CE195F624900257782</key>
		<dict>
			<key>fileEncoding</key>
			<string>4</string>
			<key>isa</key>
			<string>PBXFileReference</string>
			<key>lastKnownFileType</key>
			<string>sourcecode.c.objc</string>
			<key>path</key>
			<string>DetailedPostTableViewController.m</string>
			<key>sourceTree</key>
			<string>&lt;group&gt;</string>
		</dict>
		<key>D80A09CF195F624900257782</key>
		<dict>
			<key>fileRef</key>
			<string>D80A09CE195F624900257782</string>
			<key>isa</key>
			<string>PBXBuildFile</string>
		</dict>
		<key>D80A09D2195F85C500257782</key>
		<dict>
			<key>fileEncoding</key>
			<string>4</string>
			<key>isa</key>
			<string>PBXFileReference</string>
			<key>lastKnownFileType</key>
			<string>sourcecode.c.h</string>
			<key>path</key>
			<string>DetailedPostSubView.h</string>
			<key>sourceTree</key>
			<string>&lt;group&gt;</string>
		</dict>
		<key>D80A09D3195F85C500257782</key>
		<dict>
			<key>fileEncoding</key>
			<string>4</string>
			<key>isa</key>
			<string>PBXFileReference</string>
			<key>lastKnownFileType</key>
			<string>sourcecode.c.objc</string>
			<key>path</key>
			<string>DetailedPostSubView.m</string>
			<key>sourceTree</key>
			<string>&lt;group&gt;</string>
		</dict>
		<key>D80A09D4195F85C500257782</key>
		<dict>
			<key>fileRef</key>
			<string>D80A09D3195F85C500257782</string>
			<key>isa</key>
			<string>PBXBuildFile</string>
		</dict>
		<key>D822C171195FF1680001E482</key>
		<dict>
			<key>isa</key>
			<string>PBXFileReference</string>
			<key>lastKnownFileType</key>
			<string>folder.assetcatalog</string>
			<key>name</key>
			<string>Images.xcassets</string>
			<key>path</key>
			<string>Reveal/Images.xcassets</string>
			<key>sourceTree</key>
			<string>&lt;group&gt;</string>
		</dict>
		<key>D822C172195FF1680001E482</key>
		<dict>
			<key>fileRef</key>
			<string>D822C171195FF1680001E482</string>
			<key>isa</key>
			<string>PBXBuildFile</string>
		</dict>
		<key>D822C17319637CD90001E482</key>
		<dict>
			<key>children</key>
			<array>
				<string>D822C17419637D830001E482</string>
				<string>D822C17519637D830001E482</string>
			</array>
			<key>isa</key>
			<string>PBXGroup</string>
			<key>name</key>
			<string>User Profile VC</string>
			<key>sourceTree</key>
			<string>&lt;group&gt;</string>
		</dict>
		<key>D822C17419637D830001E482</key>
		<dict>
			<key>fileEncoding</key>
			<string>4</string>
			<key>isa</key>
			<string>PBXFileReference</string>
			<key>lastKnownFileType</key>
			<string>sourcecode.c.h</string>
			<key>path</key>
			<string>UserProfileTableViewController.h</string>
			<key>sourceTree</key>
			<string>&lt;group&gt;</string>
		</dict>
		<key>D822C17519637D830001E482</key>
		<dict>
			<key>fileEncoding</key>
			<string>4</string>
			<key>isa</key>
			<string>PBXFileReference</string>
			<key>lastKnownFileType</key>
			<string>sourcecode.c.objc</string>
			<key>path</key>
			<string>UserProfileTableViewController.m</string>
			<key>sourceTree</key>
			<string>&lt;group&gt;</string>
		</dict>
		<key>D822C17619637D830001E482</key>
		<dict>
			<key>fileRef</key>
			<string>D822C17519637D830001E482</string>
			<key>isa</key>
			<string>PBXBuildFile</string>
		</dict>
		<key>D8F02A1D196AFAD9005E17FA</key>
		<dict>
			<key>fileEncoding</key>
			<string>4</string>
			<key>isa</key>
			<string>PBXFileReference</string>
			<key>lastKnownFileType</key>
			<string>sourcecode.c.h</string>
			<key>path</key>
			<string>UpdateLocationRadiusViewController.h</string>
			<key>sourceTree</key>
			<string>&lt;group&gt;</string>
		</dict>
		<key>D8F02A1E196AFAD9005E17FA</key>
		<dict>
			<key>fileEncoding</key>
			<string>4</string>
			<key>isa</key>
			<string>PBXFileReference</string>
			<key>lastKnownFileType</key>
			<string>sourcecode.c.objc</string>
			<key>path</key>
			<string>UpdateLocationRadiusViewController.m</string>
			<key>sourceTree</key>
			<string>&lt;group&gt;</string>
		</dict>
		<key>D8F02A1F196AFAD9005E17FA</key>
		<dict>
			<key>fileRef</key>
			<string>D8F02A1E196AFAD9005E17FA</string>
			<key>isa</key>
			<string>PBXBuildFile</string>
		</dict>
	</dict>
	<key>rootObject</key>
	<string>7A909663194CF3CC00010F38</string>
</dict>
</plist>
